// !$*UTF8*$!
{
	archiveVersion = 1;
	classes = {
	};
	objectVersion = 46;
	objects = {

/* Begin PBXFileReference section */
		3020ECCB1A4C739A00270661 /* __init__.py */ = {isa = PBXFileReference; lastKnownFileType = text.script.python; path = __init__.py; sourceTree = "<group>"; };
		3020ECD91A4C739A00270661 /* aggregation.py */ = {isa = PBXFileReference; lastKnownFileType = text.script.python; path = aggregation.py; sourceTree = "<group>"; };
		3020ECDA1A4C739A00270661 /* format.py */ = {isa = PBXFileReference; lastKnownFileType = text.script.python; path = format.py; sourceTree = "<group>"; };
		3020ECDB1A4C739A00270661 /* lexicalisation.py */ = {isa = PBXFileReference; lastKnownFileType = text.script.python; path = lexicalisation.py; sourceTree = "<group>"; };
		3020ECDC1A4C739A00270661 /* lexicon.py */ = {isa = PBXFileReference; lastKnownFileType = text.script.python; path = lexicon.py; sourceTree = "<group>"; };
		3020ECDD1A4C739A00270661 /* macroplanning.py */ = {isa = PBXFileReference; lastKnownFileType = text.script.python; path = macroplanning.py; sourceTree = "<group>"; };
		3020ECDE1A4C739A00270661 /* nlg.py */ = {isa = PBXFileReference; lastKnownFileType = text.script.python; path = nlg.py; sourceTree = "<group>"; };
		3020ECDF1A4C739A00270661 /* ontology.py */ = {isa = PBXFileReference; lastKnownFileType = text.script.python; path = ontology.py; sourceTree = "<group>"; };
		3020ECE01A4C739A00270661 /* realisation.py */ = {isa = PBXFileReference; lastKnownFileType = text.script.python; path = realisation.py; sourceTree = "<group>"; };
		3020ECE11A4C739A00270661 /* reg.py */ = {isa = PBXFileReference; lastKnownFileType = text.script.python; path = reg.py; sourceTree = "<group>"; };
		3020ECE31A4C739A00270661 /* log.config.yaml */ = {isa = PBXFileReference; lastKnownFileType = text; path = log.config.yaml; sourceTree = "<group>"; };
		3020ECE41A4C739A00270661 /* simplenlg.jar */ = {isa = PBXFileReference; lastKnownFileType = archive.jar; path = simplenlg.jar; sourceTree = "<group>"; };
		3020ECE51A4C739A00270661 /* simplenlg.settings */ = {isa = PBXFileReference; lastKnownFileType = text; path = simplenlg.settings; sourceTree = "<group>"; };
		3020ECE61A4C739A00270661 /* simplenlg.py */ = {isa = PBXFileReference; lastKnownFileType = text.script.python; path = simplenlg.py; sourceTree = "<group>"; };
		3020ECE71A4C739A00270661 /* structures.py */ = {isa = PBXFileReference; lastKnownFileType = text.script.python; path = structures.py; sourceTree = "<group>"; };
		3020ECE91A4C739A00270661 /* __init__.py */ = {isa = PBXFileReference; lastKnownFileType = text.script.python; path = __init__.py; sourceTree = "<group>"; };
		3020ECF61A4C739A00270661 /* ontology.ttl */ = {isa = PBXFileReference; lastKnownFileType = text; path = ontology.ttl; sourceTree = "<group>"; };
		3020ECF71A4C739A00270661 /* test.ttl */ = {isa = PBXFileReference; lastKnownFileType = text; path = test.ttl; sourceTree = "<group>"; };
		3020ECF81A4C739A00270661 /* test_asserted.ttl */ = {isa = PBXFileReference; lastKnownFileType = text; path = test_asserted.ttl; sourceTree = "<group>"; };
		3020ECF91A4C739A00270661 /* main.py */ = {isa = PBXFileReference; lastKnownFileType = text.script.python; path = main.py; sourceTree = "<group>"; };
		3020ECFA1A4C739A00270661 /* test_aggregation.py */ = {isa = PBXFileReference; lastKnownFileType = text.script.python; path = test_aggregation.py; sourceTree = "<group>"; };
		3020ECFB1A4C739A00270661 /* test_lexicalisation.py */ = {isa = PBXFileReference; lastKnownFileType = text.script.python; path = test_lexicalisation.py; sourceTree = "<group>"; };
		3020ECFC1A4C739A00270661 /* test_macroplanning.py */ = {isa = PBXFileReference; lastKnownFileType = text.script.python; path = test_macroplanning.py; sourceTree = "<group>"; };
		3020ECFD1A4C739A00270661 /* test_nlg.py */ = {isa = PBXFileReference; lastKnownFileType = text.script.python; path = test_nlg.py; sourceTree = "<group>"; };
		3020ECFE1A4C739A00270661 /* test_ontology.py */ = {isa = PBXFileReference; lastKnownFileType = text.script.python; path = test_ontology.py; sourceTree = "<group>"; };
		3020ECFF1A4C739A00270661 /* test_realisation.py */ = {isa = PBXFileReference; lastKnownFileType = text.script.python; path = test_realisation.py; sourceTree = "<group>"; };
		3020ED001A4C739A00270661 /* test_simplenlg.py */ = {isa = PBXFileReference; lastKnownFileType = text.script.python; path = test_simplenlg.py; sourceTree = "<group>"; };
		3020ED011A4C739A00270661 /* test_structures.py */ = {isa = PBXFileReference; lastKnownFileType = text.script.python; path = test_structures.py; sourceTree = "<group>"; };
		3020ED021A4C739A00270661 /* utils.py */ = {isa = PBXFileReference; lastKnownFileType = text.script.python; path = utils.py; sourceTree = "<group>"; };
		3020ED031A4C87C600270661 /* microplanning.py */ = {isa = PBXFileReference; lastKnownFileType = text.script.python; path = microplanning.py; sourceTree = "<group>"; };
		3020ED041A4CA24D00270661 /* test_microplanning.py */ = {isa = PBXFileReference; lastKnownFileType = text.script.python; path = test_microplanning.py; sourceTree = "<group>"; };
		3020ED051A4CAB7D00270661 /* test_lexicon.py */ = {isa = PBXFileReference; lastKnownFileType = text.script.python; path = test_lexicon.py; sourceTree = "<group>"; };
		302887701ACC7BAE00C8D551 /* qm.py */ = {isa = PBXFileReference; lastKnownFileType = text.script.python; path = qm.py; sourceTree = "<group>"; };
		30344DEB1AD6897A00DB775C /* prover.py */ = {isa = PBXFileReference; lastKnownFileType = text.script.python; path = prover.py; sourceTree = "<group>"; };
		306C41451A65E89E00C533F5 /* README.md */ = {isa = PBXFileReference; lastKnownFileType = net.daringfireball.markdown; path = README.md; sourceTree = "<group>"; };
		306C41461A65E8AC00C533F5 /* TODOs */ = {isa = PBXFileReference; lastKnownFileType = text; path = TODOs; sourceTree = "<group>"; };
		307C1D271A609E6E005FDB07 /* nih_lexicon_extract.xml */ = {isa = PBXFileReference; lastKnownFileType = text.xml; path = nih_lexicon_extract.xml; sourceTree = "<group>"; };
		309ED1661A58351F006157F5 /* fol.py */ = {isa = PBXFileReference; lastKnownFileType = text.script.python; path = fol.py; sourceTree = "<group>"; };
		309ED1671A588182006157F5 /* test_fol.py */ = {isa = PBXFileReference; lastKnownFileType = text.script.python; path = test_fol.py; sourceTree = "<group>"; };
/* End PBXFileReference section */

/* Begin PBXGroup section */
		3020ECC31A4C737C00270661 = {
			isa = PBXGroup;
			children = (
				306C41461A65E8AC00C533F5 /* TODOs */,
				306C41451A65E89E00C533F5 /* README.md */,
				3020ECCA1A4C739A00270661 /* nlg */,
			);
			sourceTree = "<group>";
		};
		3020ECCA1A4C739A00270661 /* nlg */ = {
			isa = PBXGroup;
			children = (
				3020ECCB1A4C739A00270661 /* __init__.py */,
				309ED1661A58351F006157F5 /* fol.py */,
				302887701ACC7BAE00C8D551 /* qm.py */,
				30344DEB1AD6897A00DB775C /* prover.py */,
				3020ECDE1A4C739A00270661 /* nlg.py */,
				3020ECE71A4C739A00270661 /* structures.py */,
				3020ECDD1A4C739A00270661 /* macroplanning.py */,
				3020ED031A4C87C600270661 /* microplanning.py */,
				3020ECDB1A4C739A00270661 /* lexicalisation.py */,
				3020ECD91A4C739A00270661 /* aggregation.py */,
				3020ECE11A4C739A00270661 /* reg.py */,
				3020ECDF1A4C739A00270661 /* ontology.py */,
				3020ECE61A4C739A00270661 /* simplenlg.py */,
				3020ECE01A4C739A00270661 /* realisation.py */,
				3020ECDA1A4C739A00270661 /* format.py */,
				3020ECDC1A4C739A00270661 /* lexicon.py */,
				3020ECE21A4C739A00270661 /* resources */,
				3020ED021A4C739A00270661 /* utils.py */,
				3020ECE81A4C739A00270661 /* test */,
			);
			path = nlg;
			sourceTree = "<group>";
		};
		3020ECE21A4C739A00270661 /* resources */ = {
			isa = PBXGroup;
			children = (
				3020ECE31A4C739A00270661 /* log.config.yaml */,
				3020ECE41A4C739A00270661 /* simplenlg.jar */,
				3020ECE51A4C739A00270661 /* simplenlg.settings */,
			);
			path = resources;
			sourceTree = "<group>";
		};
		3020ECE81A4C739A00270661 /* test */ = {
			isa = PBXGroup;
			children = (
				3020ECE91A4C739A00270661 /* __init__.py */,
				3020ECF51A4C739A00270661 /* data */,
				3020ECF91A4C739A00270661 /* main.py */,
				3020ECFD1A4C739A00270661 /* test_nlg.py */,
				309ED1671A588182006157F5 /* test_fol.py */,
				3020ED011A4C739A00270661 /* test_structures.py */,
				3020ECFC1A4C739A00270661 /* test_macroplanning.py */,
				3020ED041A4CA24D00270661 /* test_microplanning.py */,
				3020ECFB1A4C739A00270661 /* test_lexicalisation.py */,
				3020ED051A4CAB7D00270661 /* test_lexicon.py */,
				3020ECFA1A4C739A00270661 /* test_aggregation.py */,
				3020ECFE1A4C739A00270661 /* test_ontology.py */,
				3020ECFF1A4C739A00270661 /* test_realisation.py */,
				3020ED001A4C739A00270661 /* test_simplenlg.py */,
			);
			path = test;
			sourceTree = "<group>";
		};
		3020ECF51A4C739A00270661 /* data */ = {
			isa = PBXGroup;
			children = (
				307C1D271A609E6E005FDB07 /* nih_lexicon_extract.xml */,
				3020ECF61A4C739A00270661 /* ontology.ttl */,
				3020ECF71A4C739A00270661 /* test.ttl */,
				3020ECF81A4C739A00270661 /* test_asserted.ttl */,
			);
			path = data;
			sourceTree = "<group>";
		};
/* End PBXGroup section */

/* Begin PBXProject section */
		3020ECC41A4C737C00270661 /* Project object */ = {
			isa = PBXProject;
			attributes = {
				LastUpgradeCheck = 0610;
			};
			buildConfigurationList = 3020ECC71A4C737C00270661 /* Build configuration list for PBXProject "SassyNlg" */;
			compatibilityVersion = "Xcode 3.2";
			developmentRegion = English;
			hasScannedForEncodings = 0;
			knownRegions = (
				en,
			);
			mainGroup = 3020ECC31A4C737C00270661;
			projectDirPath = "";
			projectRoot = "";
			targets = (
			);
		};
/* End PBXProject section */

/* Begin XCBuildConfiguration section */
		3020ECC81A4C737C00270661 /* Debug */ = {
			isa = XCBuildConfiguration;
			buildSettings = {
			};
			name = Debug;
		};
		3020ECC91A4C737C00270661 /* Release */ = {
			isa = XCBuildConfiguration;
			buildSettings = {
			};
			name = Release;
		};
/* End XCBuildConfiguration section */

/* Begin XCConfigurationList section */
		3020ECC71A4C737C00270661 /* Build configuration list for PBXProject "SassyNlg" */ = {
			isa = XCConfigurationList;
			buildConfigurations = (
				3020ECC81A4C737C00270661 /* Debug */,
				3020ECC91A4C737C00270661 /* Release */,
			);
			defaultConfigurationIsVisible = 0;
			defaultConfigurationName = Release;
		};
/* End XCConfigurationList section */
	};
	rootObject = 3020ECC41A4C737C00270661 /* Project object */;
}
